
Microsoft Visual Studio Solution File, Format Version 12.00
# Visual Studio Version 16
VisualStudioVersion = 16.0.30204.135
MinimumVisualStudioVersion = 10.0.40219.1
Project("{FAE04EC0-301F-11D3-BF4B-00C04F79EFBC}") = "Exercise26", "Exercise26\Exercise26.csproj", "{BB67B8BA-30CB-4AA4-B6BB-BF7BF9765622}"
EndProject
Global
	GlobalSection(SolutionConfigurationPlatforms) = preSolution
		Debug|Any CPU = Debug|Any CPU
		Release|Any CPU = Release|Any CPU
	EndGlobalSection
	GlobalSection(ProjectConfigurationPlatforms) = postSolution
		{BB67B8BA-30CB-4AA4-B6BB-BF7BF9765622}.Debug|Any CPU.ActiveCfg = Debug|Any CPU
		{BB67B8BA-30CB-4AA4-B6BB-BF7BF9765622}.Debug|Any CPU.Build.0 = Debug|Any CPU
		{BB67B8BA-30CB-4AA4-B6BB-BF7BF9765622}.Release|Any CPU.ActiveCfg = Release|Any CPU
		{BB67B8BA-30CB-4AA4-B6BB-BF7BF9765622}.Release|Any CPU.Build.0 = Release|Any CPU
	EndGlobalSection
	GlobalSection(SolutionProperties) = preSolution
		HideSolutionNode = FALSE
	EndGlobalSection
	GlobalSection(ExtensibilityGlobals) = postSolution
		SolutionGuid = {9251449E-6D34-4A1A-BD47-3720A1D26380}
	EndGlobalSection
EndGlobal
