
Microsoft Visual Studio Solution File, Format Version 12.00
# Visual Studio Version 16
VisualStudioVersion = 16.0.30204.135
MinimumVisualStudioVersion = 10.0.40219.1
Project("{FAE04EC0-301F-11D3-BF4B-00C04F79EFBC}") = "Exercise46", "Exercise46.csproj", "{95B7721E-45B2-47AD-9F37-D2D652DA28A0}"
EndProject
Global
	GlobalSection(SolutionConfigurationPlatforms) = preSolution
		Debug|Any CPU = Debug|Any CPU
		Release|Any CPU = Release|Any CPU
	EndGlobalSection
	GlobalSection(ProjectConfigurationPlatforms) = postSolution
		{95B7721E-45B2-47AD-9F37-D2D652DA28A0}.Debug|Any CPU.ActiveCfg = Debug|Any CPU
		{95B7721E-45B2-47AD-9F37-D2D652DA28A0}.Debug|Any CPU.Build.0 = Debug|Any CPU
		{95B7721E-45B2-47AD-9F37-D2D652DA28A0}.Release|Any CPU.ActiveCfg = Release|Any CPU
		{95B7721E-45B2-47AD-9F37-D2D652DA28A0}.Release|Any CPU.Build.0 = Release|Any CPU
	EndGlobalSection
	GlobalSection(SolutionProperties) = preSolution
		HideSolutionNode = FALSE
	EndGlobalSection
	GlobalSection(ExtensibilityGlobals) = postSolution
		SolutionGuid = {E261A2B9-CBAF-4C76-BB0D-642331F4570A}
	EndGlobalSection
EndGlobal
